
Microsoft Visual Studio Solution File, Format Version 12.00
# Visual Studio 2012
Project("{FAE04EC0-301F-11D3-BF4B-00C04F79EFBC}") = "AngularJSTutorial", "AngularJSTutorial\AngularJSTutorial.csproj", "{4463828A-6B8E-4B72-BA64-7DEB269B4A78}"
EndProject
Global
	GlobalSection(SolutionConfigurationPlatforms) = preSolution
		Debug|Any CPU = Debug|Any CPU
		Release|Any CPU = Release|Any CPU
	EndGlobalSection
	GlobalSection(ProjectConfigurationPlatforms) = postSolution
		{4463828A-6B8E-4B72-BA64-7DEB269B4A78}.Debug|Any CPU.ActiveCfg = Debug|Any CPU
		{4463828A-6B8E-4B72-BA64-7DEB269B4A78}.Debug|Any CPU.Build.0 = Debug|Any CPU
		{4463828A-6B8E-4B72-BA64-7DEB269B4A78}.Release|Any CPU.ActiveCfg = Release|Any CPU
		{4463828A-6B8E-4B72-BA64-7DEB269B4A78}.Release|Any CPU.Build.0 = Release|Any CPU
	EndGlobalSection
	GlobalSection(SolutionProperties) = preSolution
		HideSolutionNode = FALSE
	EndGlobalSection
EndGlobal
